
Microsoft Visual Studio Solution File, Format Version 12.00
# Visual Studio Version 16
VisualStudioVersion = 16.0.31613.86
MinimumVisualStudioVersion = 10.0.40219.1
Project("{FAE04EC0-301F-11D3-BF4B-00C04F79EFBC}") = "管理员2", "管理员2.csproj", "{B7782AB4-3BFF-4C68-B34C-65F761ECDAC2}"
EndProject
Project("{FAE04EC0-301F-11D3-BF4B-00C04F79EFBC}") = "失物招领", "..\..\..\..\失物招领 new\失物招领.csproj", "{391E310B-B3A4-4DAF-A6A2-7BF5C1522F9D}"
EndProject
Global
	GlobalSection(SolutionConfigurationPlatforms) = preSolution
		Debug|Any CPU = Debug|Any CPU
		Release|Any CPU = Release|Any CPU
	EndGlobalSection
	GlobalSection(ProjectConfigurationPlatforms) = postSolution
		{B7782AB4-3BFF-4C68-B34C-65F761ECDAC2}.Debug|Any CPU.ActiveCfg = Debug|Any CPU
		{B7782AB4-3BFF-4C68-B34C-65F761ECDAC2}.Debug|Any CPU.Build.0 = Debug|Any CPU
		{B7782AB4-3BFF-4C68-B34C-65F761ECDAC2}.Release|Any CPU.ActiveCfg = Release|Any CPU
		{B7782AB4-3BFF-4C68-B34C-65F761ECDAC2}.Release|Any CPU.Build.0 = Release|Any CPU
		{391E310B-B3A4-4DAF-A6A2-7BF5C1522F9D}.Debug|Any CPU.ActiveCfg = Debug|Any CPU
		{391E310B-B3A4-4DAF-A6A2-7BF5C1522F9D}.Debug|Any CPU.Build.0 = Debug|Any CPU
		{391E310B-B3A4-4DAF-A6A2-7BF5C1522F9D}.Release|Any CPU.ActiveCfg = Release|Any CPU
		{391E310B-B3A4-4DAF-A6A2-7BF5C1522F9D}.Release|Any CPU.Build.0 = Release|Any CPU
	EndGlobalSection
	GlobalSection(SolutionProperties) = preSolution
		HideSolutionNode = FALSE
	EndGlobalSection
	GlobalSection(ExtensibilityGlobals) = postSolution
		SolutionGuid = {0AB78284-E871-4891-A6C0-B4AC88E5FAFB}
	EndGlobalSection
EndGlobal
